{
  "object": {
    "pins": [
      {
        "package": "cicutavirosawrap",
        "repositoryURL": "https://github.com/K0stad1n/testwrapper.git",
        "state": {
          "branch": "main",
          "revision": "a50a24b1120428846f42b484bd6f8dc1c330318c",
          "version": null
        }
      }
    ]
  },
  "version": 1
}
