{
  "object": {
    "pins": [
      {
        "package": "cicuta-virosawrap",
        "repositoryURL": "https://github.com/K0stad1n/testwrapper.git",
        "state": {
          "branch": "main",
          "revision": "c62dd48a9809782d3aa8c3f6ccbbd6ddac3d547a",
          "version": null
        }
      }
    ]
  },
  "version": 1
}
