// !$*UTF8*$!
{
	archiveVersion = 1;
	classes = {
	};
	objectVersion = 52;
	objects = {

/* Begin PBXBuildFile section */
		BED344E625D4BF33004A03D2 /* v1rosaSn0wApp.swift in Sources */ = {isa = PBXBuildFile; fileRef = BED344E525D4BF33004A03D2 /* v1rosaSn0wApp.swift */; };
		BED344E825D4BF33004A03D2 /* ContentView.swift in Sources */ = {isa = PBXBuildFile; fileRef = BED344E725D4BF33004A03D2 /* ContentView.swift */; };
		BED344EA25D4BF37004A03D2 /* Assets.xcassets in Resources */ = {isa = PBXBuildFile; fileRef = BED344E925D4BF37004A03D2 /* Assets.xcassets */; };
		BED344ED25D4BF37004A03D2 /* Preview Assets.xcassets in Resources */ = {isa = PBXBuildFile; fileRef = BED344EC25D4BF37004A03D2 /* Preview Assets.xcassets */; };
		BEEC9A8B25D5CE320023EEDA /* cicutavirosawrap in Frameworks */ = {isa = PBXBuildFile; productRef = BEEC9A8A25D5CE320023EEDA /* cicutavirosawrap */; };
/* End PBXBuildFile section */

/* Begin PBXFileReference section */
		BED344E225D4BF33004A03D2 /* v1rosaSn0w.app */ = {isa = PBXFileReference; explicitFileType = wrapper.application; includeInIndex = 0; path = v1rosaSn0w.app; sourceTree = BUILT_PRODUCTS_DIR; };
		BED344E525D4BF33004A03D2 /* v1rosaSn0wApp.swift */ = {isa = PBXFileReference; lastKnownFileType = sourcecode.swift; path = v1rosaSn0wApp.swift; sourceTree = "<group>"; };
		BED344E725D4BF33004A03D2 /* ContentView.swift */ = {isa = PBXFileReference; lastKnownFileType = sourcecode.swift; path = ContentView.swift; sourceTree = "<group>"; };
		BED344E925D4BF37004A03D2 /* Assets.xcassets */ = {isa = PBXFileReference; lastKnownFileType = folder.assetcatalog; path = Assets.xcassets; sourceTree = "<group>"; };
		BED344EC25D4BF37004A03D2 /* Preview Assets.xcassets */ = {isa = PBXFileReference; lastKnownFileType = folder.assetcatalog; path = "Preview Assets.xcassets"; sourceTree = "<group>"; };
		BED344EE25D4BF37004A03D2 /* Info.plist */ = {isa = PBXFileReference; lastKnownFileType = text.plist.xml; path = Info.plist; sourceTree = "<group>"; };
/* End PBXFileReference section */

/* Begin PBXFrameworksBuildPhase section */
		BED344DF25D4BF33004A03D2 /* Frameworks */ = {
			isa = PBXFrameworksBuildPhase;
			buildActionMask = 2147483647;
			files = (
				BEEC9A8B25D5CE320023EEDA /* cicutavirosawrap in Frameworks */,
			);
			runOnlyForDeploymentPostprocessing = 0;
		};
/* End PBXFrameworksBuildPhase section */

/* Begin PBXGroup section */
		BED344D925D4BF33004A03D2 = {
			isa = PBXGroup;
			children = (
				BED344E425D4BF33004A03D2 /* v1rosaSn0w */,
				BED344E325D4BF33004A03D2 /* Products */,
				BEEC9A8925D5CE320023EEDA /* Frameworks */,
			);
			sourceTree = "<group>";
		};
		BED344E325D4BF33004A03D2 /* Products */ = {
			isa = PBXGroup;
			children = (
				BED344E225D4BF33004A03D2 /* v1rosaSn0w.app */,
			);
			name = Products;
			sourceTree = "<group>";
		};
		BED344E425D4BF33004A03D2 /* v1rosaSn0w */ = {
			isa = PBXGroup;
			children = (
				BED344E525D4BF33004A03D2 /* v1rosaSn0wApp.swift */,
				BED344E725D4BF33004A03D2 /* ContentView.swift */,
				BED344E925D4BF37004A03D2 /* Assets.xcassets */,
				BED344EE25D4BF37004A03D2 /* Info.plist */,
				BED344EB25D4BF37004A03D2 /* Preview Content */,
			);
			path = v1rosaSn0w;
			sourceTree = "<group>";
		};
		BED344EB25D4BF37004A03D2 /* Preview Content */ = {
			isa = PBXGroup;
			children = (
				BED344EC25D4BF37004A03D2 /* Preview Assets.xcassets */,
			);
			path = "Preview Content";
			sourceTree = "<group>";
		};
		BEEC9A8925D5CE320023EEDA /* Frameworks */ = {
			isa = PBXGroup;
			children = (
			);
			name = Frameworks;
			sourceTree = "<group>";
		};
/* End PBXGroup section */

/* Begin PBXNativeTarget section */
		BED344E125D4BF33004A03D2 /* v1rosaSn0w */ = {
			isa = PBXNativeTarget;
			buildConfigurationList = BED344F125D4BF37004A03D2 /* Build configuration list for PBXNativeTarget "v1rosaSn0w" */;
			buildPhases = (
				BED344DE25D4BF33004A03D2 /* Sources */,
				BED344DF25D4BF33004A03D2 /* Frameworks */,
				BED344E025D4BF33004A03D2 /* Resources */,
			);
			buildRules = (
			);
			dependencies = (
			);
			name = v1rosaSn0w;
			packageProductDependencies = (
				BEEC9A8A25D5CE320023EEDA /* cicutavirosawrap */,
			);
			productName = v1rosaSn0w;
			productReference = BED344E225D4BF33004A03D2 /* v1rosaSn0w.app */;
			productType = "com.apple.product-type.application";
		};
/* End PBXNativeTarget section */

/* Begin PBXProject section */
		BED344DA25D4BF33004A03D2 /* Project object */ = {
			isa = PBXProject;
			attributes = {
				LastSwiftUpdateCheck = 1230;
				LastUpgradeCheck = 1230;
				TargetAttributes = {
					BED344E125D4BF33004A03D2 = {
						CreatedOnToolsVersion = 12.3;
					};
				};
			};
			buildConfigurationList = BED344DD25D4BF33004A03D2 /* Build configuration list for PBXProject "v1rosaSn0w" */;
			compatibilityVersion = "Xcode 9.3";
			developmentRegion = en;
			hasScannedForEncodings = 0;
			knownRegions = (
				en,
				Base,
			);
			mainGroup = BED344D925D4BF33004A03D2;
			packageReferences = (
				20E9566C25D5BC870062C0CA /* XCRemoteSwiftPackageReference "testwrapper" */,
			);
			productRefGroup = BED344E325D4BF33004A03D2 /* Products */;
			projectDirPath = "";
			projectRoot = "";
			targets = (
				BED344E125D4BF33004A03D2 /* v1rosaSn0w */,
			);
		};
/* End PBXProject section */

/* Begin PBXResourcesBuildPhase section */
		BED344E025D4BF33004A03D2 /* Resources */ = {
			isa = PBXResourcesBuildPhase;
			buildActionMask = 2147483647;
			files = (
				BED344ED25D4BF37004A03D2 /* Preview Assets.xcassets in Resources */,
				BED344EA25D4BF37004A03D2 /* Assets.xcassets in Resources */,
			);
			runOnlyForDeploymentPostprocessing = 0;
		};
/* End PBXResourcesBuildPhase section */

/* Begin PBXSourcesBuildPhase section */
		BED344DE25D4BF33004A03D2 /* Sources */ = {
			isa = PBXSourcesBuildPhase;
			buildActionMask = 2147483647;
			files = (
				BED344E825D4BF33004A03D2 /* ContentView.swift in Sources */,
				BED344E625D4BF33004A03D2 /* v1rosaSn0wApp.swift in Sources */,
			);
			runOnlyForDeploymentPostprocessing = 0;
		};
/* End PBXSourcesBuildPhase section */

/* Begin XCBuildConfiguration section */
		BED344EF25D4BF37004A03D2 /* Debug */ = {
			isa = XCBuildConfiguration;
			buildSettings = {
				ALWAYS_SEARCH_USER_PATHS = NO;
				CLANG_ANALYZER_NONNULL = YES;
				CLANG_ANALYZER_NUMBER_OBJECT_CONVERSION = YES_AGGRESSIVE;
				CLANG_CXX_LANGUAGE_STANDARD = "gnu++14";
				CLANG_CXX_LIBRARY = "libc++";
				CLANG_ENABLE_MODULES = YES;
				CLANG_ENABLE_OBJC_ARC = YES;
				CLANG_ENABLE_OBJC_WEAK = YES;
				CLANG_WARN_BLOCK_CAPTURE_AUTORELEASING = YES;
				CLANG_WARN_BOOL_CONVERSION = YES;
				CLANG_WARN_COMMA = YES;
				CLANG_WARN_CONSTANT_CONVERSION = YES;
				CLANG_WARN_DEPRECATED_OBJC_IMPLEMENTATIONS = YES;
				CLANG_WARN_DIRECT_OBJC_ISA_USAGE = YES_ERROR;
				CLANG_WARN_DOCUMENTATION_COMMENTS = YES;
				CLANG_WARN_EMPTY_BODY = YES;
				CLANG_WARN_ENUM_CONVERSION = YES;
				CLANG_WARN_INFINITE_RECURSION = YES;
				CLANG_WARN_INT_CONVERSION = YES;
				CLANG_WARN_NON_LITERAL_NULL_CONVERSION = YES;
				CLANG_WARN_OBJC_IMPLICIT_RETAIN_SELF = YES;
				CLANG_WARN_OBJC_LITERAL_CONVERSION = YES;
				CLANG_WARN_OBJC_ROOT_CLASS = YES_ERROR;
				CLANG_WARN_QUOTED_INCLUDE_IN_FRAMEWORK_HEADER = YES;
				CLANG_WARN_RANGE_LOOP_ANALYSIS = YES;
				CLANG_WARN_STRICT_PROTOTYPES = YES;
				CLANG_WARN_SUSPICIOUS_MOVE = YES;
				CLANG_WARN_UNGUARDED_AVAILABILITY = YES_AGGRESSIVE;
				CLANG_WARN_UNREACHABLE_CODE = YES;
				CLANG_WARN__DUPLICATE_METHOD_MATCH = YES;
				COPY_PHASE_STRIP = NO;
				DEBUG_INFORMATION_FORMAT = dwarf;
				ENABLE_STRICT_OBJC_MSGSEND = YES;
				ENABLE_TESTABILITY = YES;
				GCC_C_LANGUAGE_STANDARD = gnu11;
				GCC_DYNAMIC_NO_PIC = NO;
				GCC_NO_COMMON_BLOCKS = YES;
				GCC_OPTIMIZATION_LEVEL = 0;
				GCC_PREPROCESSOR_DEFINITIONS = (
					"DEBUG=1",
					"$(inherited)",
				);
				GCC_WARN_64_TO_32_BIT_CONVERSION = YES;
				GCC_WARN_ABOUT_RETURN_TYPE = YES_ERROR;
				GCC_WARN_UNDECLARED_SELECTOR = YES;
				GCC_WARN_UNINITIALIZED_AUTOS = YES_AGGRESSIVE;
				GCC_WARN_UNUSED_FUNCTION = YES;
				GCC_WARN_UNUSED_VARIABLE = YES;
				IPHONEOS_DEPLOYMENT_TARGET = 14.3;
				MTL_ENABLE_DEBUG_INFO = INCLUDE_SOURCE;
				MTL_FAST_MATH = YES;
				ONLY_ACTIVE_ARCH = YES;
				SDKROOT = iphoneos;
				SWIFT_ACTIVE_COMPILATION_CONDITIONS = DEBUG;
				SWIFT_OPTIMIZATION_LEVEL = "-Onone";
			};
			name = Debug;
		};
		BED344F025D4BF37004A03D2 /* Release */ = {
			isa = XCBuildConfiguration;
			buildSettings = {
				ALWAYS_SEARCH_USER_PATHS = NO;
				CLANG_ANALYZER_NONNULL = YES;
				CLANG_ANALYZER_NUMBER_OBJECT_CONVERSION = YES_AGGRESSIVE;
				CLANG_CXX_LANGUAGE_STANDARD = "gnu++14";
				CLANG_CXX_LIBRARY = "libc++";
				CLANG_ENABLE_MODULES = YES;
				CLANG_ENABLE_OBJC_ARC = YES;
				CLANG_ENABLE_OBJC_WEAK = YES;
				CLANG_WARN_BLOCK_CAPTURE_AUTORELEASING = YES;
				CLANG_WARN_BOOL_CONVERSION = YES;
				CLANG_WARN_COMMA = YES;
				CLANG_WARN_CONSTANT_CONVERSION = YES;
				CLANG_WARN_DEPRECATED_OBJC_IMPLEMENTATIONS = YES;
				CLANG_WARN_DIRECT_OBJC_ISA_USAGE = YES_ERROR;
				CLANG_WARN_DOCUMENTATION_COMMENTS = YES;
				CLANG_WARN_EMPTY_BODY = YES;
				CLANG_WARN_ENUM_CONVERSION = YES;
				CLANG_WARN_INFINITE_RECURSION = YES;
				CLANG_WARN_INT_CONVERSION = YES;
				CLANG_WARN_NON_LITERAL_NULL_CONVERSION = YES;
				CLANG_WARN_OBJC_IMPLICIT_RETAIN_SELF = YES;
				CLANG_WARN_OBJC_LITERAL_CONVERSION = YES;
				CLANG_WARN_OBJC_ROOT_CLASS = YES_ERROR;
				CLANG_WARN_QUOTED_INCLUDE_IN_FRAMEWORK_HEADER = YES;
				CLANG_WARN_RANGE_LOOP_ANALYSIS = YES;
				CLANG_WARN_STRICT_PROTOTYPES = YES;
				CLANG_WARN_SUSPICIOUS_MOVE = YES;
				CLANG_WARN_UNGUARDED_AVAILABILITY = YES_AGGRESSIVE;
				CLANG_WARN_UNREACHABLE_CODE = YES;
				CLANG_WARN__DUPLICATE_METHOD_MATCH = YES;
				COPY_PHASE_STRIP = NO;
				DEBUG_INFORMATION_FORMAT = "dwarf-with-dsym";
				ENABLE_NS_ASSERTIONS = NO;
				ENABLE_STRICT_OBJC_MSGSEND = YES;
				GCC_C_LANGUAGE_STANDARD = gnu11;
				GCC_NO_COMMON_BLOCKS = YES;
				GCC_WARN_64_TO_32_BIT_CONVERSION = YES;
				GCC_WARN_ABOUT_RETURN_TYPE = YES_ERROR;
				GCC_WARN_UNDECLARED_SELECTOR = YES;
				GCC_WARN_UNINITIALIZED_AUTOS = YES_AGGRESSIVE;
				GCC_WARN_UNUSED_FUNCTION = YES;
				GCC_WARN_UNUSED_VARIABLE = YES;
				IPHONEOS_DEPLOYMENT_TARGET = 14.3;
				MTL_ENABLE_DEBUG_INFO = NO;
				MTL_FAST_MATH = YES;
				SDKROOT = iphoneos;
				SWIFT_COMPILATION_MODE = wholemodule;
				SWIFT_OPTIMIZATION_LEVEL = "-O";
				VALIDATE_PRODUCT = YES;
			};
			name = Release;
		};
		BED344F225D4BF37004A03D2 /* Debug */ = {
			isa = XCBuildConfiguration;
			buildSettings = {
				ASSETCATALOG_COMPILER_APPICON_NAME = AppIcon;
				ASSETCATALOG_COMPILER_GLOBAL_ACCENT_COLOR_NAME = AccentColor;
				CODE_SIGN_STYLE = Automatic;
				DEVELOPMENT_ASSET_PATHS = "\"v1rosaSn0w/Preview Content\"";
				ENABLE_PREVIEWS = YES;
				INFOPLIST_FILE = v1rosaSn0w/Info.plist;
				IPHONEOS_DEPLOYMENT_TARGET = 14.0;
				LD_RUNPATH_SEARCH_PATHS = (
					"$(inherited)",
					"@executable_path/Frameworks",
				);
				PRODUCT_BUNDLE_IDENTIFIER = com.v1rosaTeam.v1rosaSn0w;
				PRODUCT_NAME = "$(TARGET_NAME)";
				SWIFT_VERSION = 5.0;
				TARGETED_DEVICE_FAMILY = "1,2";
			};
			name = Debug;
		};
		BED344F325D4BF37004A03D2 /* Release */ = {
			isa = XCBuildConfiguration;
			buildSettings = {
				ASSETCATALOG_COMPILER_APPICON_NAME = AppIcon;
				ASSETCATALOG_COMPILER_GLOBAL_ACCENT_COLOR_NAME = AccentColor;
				CODE_SIGN_STYLE = Automatic;
				DEVELOPMENT_ASSET_PATHS = "\"v1rosaSn0w/Preview Content\"";
				ENABLE_PREVIEWS = YES;
				INFOPLIST_FILE = v1rosaSn0w/Info.plist;
				IPHONEOS_DEPLOYMENT_TARGET = 14.0;
				LD_RUNPATH_SEARCH_PATHS = (
					"$(inherited)",
					"@executable_path/Frameworks",
				);
				PRODUCT_BUNDLE_IDENTIFIER = com.v1rosaTeam.v1rosaSn0w;
				PRODUCT_NAME = "$(TARGET_NAME)";
				SWIFT_VERSION = 5.0;
				TARGETED_DEVICE_FAMILY = "1,2";
			};
			name = Release;
		};
/* End XCBuildConfiguration section */

/* Begin XCConfigurationList section */
		BED344DD25D4BF33004A03D2 /* Build configuration list for PBXProject "v1rosaSn0w" */ = {
			isa = XCConfigurationList;
			buildConfigurations = (
				BED344EF25D4BF37004A03D2 /* Debug */,
				BED344F025D4BF37004A03D2 /* Release */,
			);
			defaultConfigurationIsVisible = 0;
			defaultConfigurationName = Release;
		};
		BED344F125D4BF37004A03D2 /* Build configuration list for PBXNativeTarget "v1rosaSn0w" */ = {
			isa = XCConfigurationList;
			buildConfigurations = (
				BED344F225D4BF37004A03D2 /* Debug */,
				BED344F325D4BF37004A03D2 /* Release */,
			);
			defaultConfigurationIsVisible = 0;
			defaultConfigurationName = Release;
		};
/* End XCConfigurationList section */

/* Begin XCRemoteSwiftPackageReference section */
		20E9566C25D5BC870062C0CA /* XCRemoteSwiftPackageReference "testwrapper" */ = {
			isa = XCRemoteSwiftPackageReference;
			repositoryURL = "https://github.com/K0stad1n/testwrapper.git";
			requirement = {
				branch = main;
				kind = branch;
			};
		};
/* End XCRemoteSwiftPackageReference section */

/* Begin XCSwiftPackageProductDependency section */
		BEEC9A8A25D5CE320023EEDA /* cicutavirosawrap */ = {
			isa = XCSwiftPackageProductDependency;
			package = 20E9566C25D5BC870062C0CA /* XCRemoteSwiftPackageReference "testwrapper" */;
			productName = cicutavirosawrap;
		};
/* End XCSwiftPackageProductDependency section */
	};
	rootObject = BED344DA25D4BF33004A03D2 /* Project object */;
}
