{
  "object": {
    "pins": [
      {
        "package": "cicutavirosawrap",
        "repositoryURL": "https://github.com/K0stad1n/testwrapper.git",
        "state": {
          "branch": "main",
          "revision": "09f8caf61a3513500abc823923f770e6dbc64252",
          "version": null
        }
      }
    ]
  },
  "version": 1
}
