{
  "object": {
    "pins": [
      {
        "package": "cicutavirosawrap",
        "repositoryURL": "https://github.com/K0stad1n/testwrapper.git",
        "state": {
          "branch": "main",
          "revision": "bd26129312fa2bd60e6510b722898abf17e37bf7",
          "version": null
        }
      }
    ]
  },
  "version": 1
}
