{
  "object": {
    "pins": [
      {
        "package": "cicutavirosawrap",
        "repositoryURL": "https://github.com/K0stad1n/testwrapper.git",
        "state": {
          "branch": "main",
          "revision": "804305d75ef21dd2a088e182c8ca6fa3f629bbb1",
          "version": null
        }
      }
    ]
  },
  "version": 1
}
