{
  "object": {
    "pins": [
      {
        "package": "cicutavirosawrap",
        "repositoryURL": "https://github.com/K0stad1n/testwrapper.git",
        "state": {
          "branch": "main",
          "revision": "ed4d4632750c2ef9a8a8a54eebd2bec244abb3c9",
          "version": null
        }
      }
    ]
  },
  "version": 1
}
